
Microsoft Visual Studio Solution File, Format Version 12.00
# Visual Studio Version 17
VisualStudioVersion = 17.5.002.0
MinimumVisualStudioVersion = 10.0.40219.1
Project("{2150E333-8FDC-42A3-9474-1A3956D46DE8}") = "sandbox", "sandbox", "{160785CC-F26E-45C0-9EC4-33D16B3AD1AF}"
EndProject
Project("{9A19103F-16F7-4668-BE54-9A1E7A4F7556}") = "sandbox_project", "sandbox\sandbox_project\sandbox_project.csproj", "{A588EA1A-26FD-44B7-92BF-582E00DC6761}"
EndProject
Project("{2150E333-8FDC-42A3-9474-1A3956D46DE8}") = "week01", "week01", "{84BD5D06-7120-4A39-8073-E612B73B4472}"
EndProject
Project("{9A19103F-16F7-4668-BE54-9A1E7A4F7556}") = "analyze", "week01\analyze\analyze.csproj", "{D3771FB3-1281-45D3-9A8B-D8D6CE5E21E7}"
EndProject
Project("{9A19103F-16F7-4668-BE54-9A1E7A4F7556}") = "code", "week01\code\code.csproj", "{F42981F5-81FB-4543-B9C0-973DB761263D}"
EndProject
Project("{9A19103F-16F7-4668-BE54-9A1E7A4F7556}") = "teach", "week01\teach\teach.csproj", "{9A797B57-2F3D-4934-A558-A3E3A3A9E030}"
EndProject
Project("{2150E333-8FDC-42A3-9474-1A3956D46DE8}") = "week02", "week02", "{EAE1A16D-207D-42E1-A484-CFD0E931D48F}"
EndProject
Project("{9A19103F-16F7-4668-BE54-9A1E7A4F7556}") = "analyze", "week02\analyze\analyze.csproj", "{CC3B87BB-80AC-43B0-9B23-404508022A1A}"
EndProject
Project("{9A19103F-16F7-4668-BE54-9A1E7A4F7556}") = "code", "week02\code\code.csproj", "{1665CCCB-493B-4C6D-BB43-16B1C25B7F87}"
EndProject
Project("{9A19103F-16F7-4668-BE54-9A1E7A4F7556}") = "learn", "week02\learn\learn.csproj", "{E6583DE7-5540-4B82-A294-FB39ED8F615C}"
EndProject
Project("{9A19103F-16F7-4668-BE54-9A1E7A4F7556}") = "teach", "week02\teach\teach.csproj", "{40619EC6-D56E-401C-A5BB-EDED8F67F44C}"
EndProject
Project("{2150E333-8FDC-42A3-9474-1A3956D46DE8}") = "week03", "week03", "{BBA2793D-1033-4E99-8764-8F590BA5C7B4}"
EndProject
Project("{9A19103F-16F7-4668-BE54-9A1E7A4F7556}") = "code", "week03\code\code.csproj", "{32C9FE5D-EE63-4DE3-8092-216424085318}"
EndProject
Project("{9A19103F-16F7-4668-BE54-9A1E7A4F7556}") = "learn", "week03\learn\learn.csproj", "{BBC98B5F-163A-4C17-BF50-A3AFE306F730}"
EndProject
Project("{9A19103F-16F7-4668-BE54-9A1E7A4F7556}") = "teach", "week03\teach\teach.csproj", "{5B6BC911-0308-46BA-86F6-70377A8E49F9}"
EndProject
Project("{2150E333-8FDC-42A3-9474-1A3956D46DE8}") = "week04", "week04", "{25C40170-E2EE-49B8-A3AE-32C777E7ACC0}"
EndProject
Project("{9A19103F-16F7-4668-BE54-9A1E7A4F7556}") = "code", "week04\code\code.csproj", "{016F34F0-DD1C-4C7E-9EAD-81B83B23F256}"
EndProject
Project("{2150E333-8FDC-42A3-9474-1A3956D46DE8}") = "week05", "week05", "{94BA46AF-8F34-4BB3-8628-760ECABDFBDC}"
EndProject
Project("{9A19103F-16F7-4668-BE54-9A1E7A4F7556}") = "code", "week05\code\code.csproj", "{29D2D066-E901-4417-A852-813A4BD38BEA}"
EndProject
Project("{2150E333-8FDC-42A3-9474-1A3956D46DE8}") = "week06", "week06", "{7925A802-2B74-4EE5-9FF5-1849D68FB318}"
EndProject
Project("{9A19103F-16F7-4668-BE54-9A1E7A4F7556}") = "code", "week06\code\code.csproj", "{C55ACAAD-D1B7-4584-8DDB-A7F0E98FA9E5}"
EndProject
Global
	GlobalSection(SolutionConfigurationPlatforms) = preSolution
		Debug|Any CPU = Debug|Any CPU
		Release|Any CPU = Release|Any CPU
	EndGlobalSection
	GlobalSection(ProjectConfigurationPlatforms) = postSolution
		{A588EA1A-26FD-44B7-92BF-582E00DC6761}.Debug|Any CPU.ActiveCfg = Debug|Any CPU
		{A588EA1A-26FD-44B7-92BF-582E00DC6761}.Debug|Any CPU.Build.0 = Debug|Any CPU
		{A588EA1A-26FD-44B7-92BF-582E00DC6761}.Release|Any CPU.ActiveCfg = Release|Any CPU
		{A588EA1A-26FD-44B7-92BF-582E00DC6761}.Release|Any CPU.Build.0 = Release|Any CPU
		{D3771FB3-1281-45D3-9A8B-D8D6CE5E21E7}.Debug|Any CPU.ActiveCfg = Debug|Any CPU
		{D3771FB3-1281-45D3-9A8B-D8D6CE5E21E7}.Debug|Any CPU.Build.0 = Debug|Any CPU
		{D3771FB3-1281-45D3-9A8B-D8D6CE5E21E7}.Release|Any CPU.ActiveCfg = Release|Any CPU
		{D3771FB3-1281-45D3-9A8B-D8D6CE5E21E7}.Release|Any CPU.Build.0 = Release|Any CPU
		{F42981F5-81FB-4543-B9C0-973DB761263D}.Debug|Any CPU.ActiveCfg = Debug|Any CPU
		{F42981F5-81FB-4543-B9C0-973DB761263D}.Debug|Any CPU.Build.0 = Debug|Any CPU
		{F42981F5-81FB-4543-B9C0-973DB761263D}.Release|Any CPU.ActiveCfg = Release|Any CPU
		{F42981F5-81FB-4543-B9C0-973DB761263D}.Release|Any CPU.Build.0 = Release|Any CPU
		{9A797B57-2F3D-4934-A558-A3E3A3A9E030}.Debug|Any CPU.ActiveCfg = Debug|Any CPU
		{9A797B57-2F3D-4934-A558-A3E3A3A9E030}.Debug|Any CPU.Build.0 = Debug|Any CPU
		{9A797B57-2F3D-4934-A558-A3E3A3A9E030}.Release|Any CPU.ActiveCfg = Release|Any CPU
		{9A797B57-2F3D-4934-A558-A3E3A3A9E030}.Release|Any CPU.Build.0 = Release|Any CPU
		{CC3B87BB-80AC-43B0-9B23-404508022A1A}.Debug|Any CPU.ActiveCfg = Debug|Any CPU
		{CC3B87BB-80AC-43B0-9B23-404508022A1A}.Debug|Any CPU.Build.0 = Debug|Any CPU
		{CC3B87BB-80AC-43B0-9B23-404508022A1A}.Release|Any CPU.ActiveCfg = Release|Any CPU
		{CC3B87BB-80AC-43B0-9B23-404508022A1A}.Release|Any CPU.Build.0 = Release|Any CPU
		{1665CCCB-493B-4C6D-BB43-16B1C25B7F87}.Debug|Any CPU.ActiveCfg = Debug|Any CPU
		{1665CCCB-493B-4C6D-BB43-16B1C25B7F87}.Debug|Any CPU.Build.0 = Debug|Any CPU
		{1665CCCB-493B-4C6D-BB43-16B1C25B7F87}.Release|Any CPU.ActiveCfg = Release|Any CPU
		{1665CCCB-493B-4C6D-BB43-16B1C25B7F87}.Release|Any CPU.Build.0 = Release|Any CPU
		{E6583DE7-5540-4B82-A294-FB39ED8F615C}.Debug|Any CPU.ActiveCfg = Debug|Any CPU
		{E6583DE7-5540-4B82-A294-FB39ED8F615C}.Debug|Any CPU.Build.0 = Debug|Any CPU
		{E6583DE7-5540-4B82-A294-FB39ED8F615C}.Release|Any CPU.ActiveCfg = Release|Any CPU
		{E6583DE7-5540-4B82-A294-FB39ED8F615C}.Release|Any CPU.Build.0 = Release|Any CPU
		{40619EC6-D56E-401C-A5BB-EDED8F67F44C}.Debug|Any CPU.ActiveCfg = Debug|Any CPU
		{40619EC6-D56E-401C-A5BB-EDED8F67F44C}.Debug|Any CPU.Build.0 = Debug|Any CPU
		{40619EC6-D56E-401C-A5BB-EDED8F67F44C}.Release|Any CPU.ActiveCfg = Release|Any CPU
		{40619EC6-D56E-401C-A5BB-EDED8F67F44C}.Release|Any CPU.Build.0 = Release|Any CPU
		{32C9FE5D-EE63-4DE3-8092-216424085318}.Debug|Any CPU.ActiveCfg = Debug|Any CPU
		{32C9FE5D-EE63-4DE3-8092-216424085318}.Debug|Any CPU.Build.0 = Debug|Any CPU
		{32C9FE5D-EE63-4DE3-8092-216424085318}.Release|Any CPU.ActiveCfg = Release|Any CPU
		{32C9FE5D-EE63-4DE3-8092-216424085318}.Release|Any CPU.Build.0 = Release|Any CPU
		{BBC98B5F-163A-4C17-BF50-A3AFE306F730}.Debug|Any CPU.ActiveCfg = Debug|Any CPU
		{BBC98B5F-163A-4C17-BF50-A3AFE306F730}.Debug|Any CPU.Build.0 = Debug|Any CPU
		{BBC98B5F-163A-4C17-BF50-A3AFE306F730}.Release|Any CPU.ActiveCfg = Release|Any CPU
		{BBC98B5F-163A-4C17-BF50-A3AFE306F730}.Release|Any CPU.Build.0 = Release|Any CPU
		{5B6BC911-0308-46BA-86F6-70377A8E49F9}.Debug|Any CPU.ActiveCfg = Debug|Any CPU
		{5B6BC911-0308-46BA-86F6-70377A8E49F9}.Debug|Any CPU.Build.0 = Debug|Any CPU
		{5B6BC911-0308-46BA-86F6-70377A8E49F9}.Release|Any CPU.ActiveCfg = Release|Any CPU
		{5B6BC911-0308-46BA-86F6-70377A8E49F9}.Release|Any CPU.Build.0 = Release|Any CPU
		{016F34F0-DD1C-4C7E-9EAD-81B83B23F256}.Debug|Any CPU.ActiveCfg = Debug|Any CPU
		{016F34F0-DD1C-4C7E-9EAD-81B83B23F256}.Debug|Any CPU.Build.0 = Debug|Any CPU
		{016F34F0-DD1C-4C7E-9EAD-81B83B23F256}.Release|Any CPU.ActiveCfg = Release|Any CPU
		{016F34F0-DD1C-4C7E-9EAD-81B83B23F256}.Release|Any CPU.Build.0 = Release|Any CPU
		{29D2D066-E901-4417-A852-813A4BD38BEA}.Debug|Any CPU.ActiveCfg = Debug|Any CPU
		{29D2D066-E901-4417-A852-813A4BD38BEA}.Debug|Any CPU.Build.0 = Debug|Any CPU
		{29D2D066-E901-4417-A852-813A4BD38BEA}.Release|Any CPU.ActiveCfg = Release|Any CPU
		{29D2D066-E901-4417-A852-813A4BD38BEA}.Release|Any CPU.Build.0 = Release|Any CPU
		{C55ACAAD-D1B7-4584-8DDB-A7F0E98FA9E5}.Debug|Any CPU.ActiveCfg = Debug|Any CPU
		{C55ACAAD-D1B7-4584-8DDB-A7F0E98FA9E5}.Debug|Any CPU.Build.0 = Debug|Any CPU
		{C55ACAAD-D1B7-4584-8DDB-A7F0E98FA9E5}.Release|Any CPU.ActiveCfg = Release|Any CPU
		{C55ACAAD-D1B7-4584-8DDB-A7F0E98FA9E5}.Release|Any CPU.Build.0 = Release|Any CPU
	EndGlobalSection
	GlobalSection(SolutionProperties) = preSolution
		HideSolutionNode = FALSE
	EndGlobalSection
	GlobalSection(NestedProjects) = preSolution
		{A588EA1A-26FD-44B7-92BF-582E00DC6761} = {160785CC-F26E-45C0-9EC4-33D16B3AD1AF}
		{D3771FB3-1281-45D3-9A8B-D8D6CE5E21E7} = {84BD5D06-7120-4A39-8073-E612B73B4472}
		{F42981F5-81FB-4543-B9C0-973DB761263D} = {84BD5D06-7120-4A39-8073-E612B73B4472}
		{9A797B57-2F3D-4934-A558-A3E3A3A9E030} = {84BD5D06-7120-4A39-8073-E612B73B4472}
		{CC3B87BB-80AC-43B0-9B23-404508022A1A} = {EAE1A16D-207D-42E1-A484-CFD0E931D48F}
		{1665CCCB-493B-4C6D-BB43-16B1C25B7F87} = {EAE1A16D-207D-42E1-A484-CFD0E931D48F}
		{E6583DE7-5540-4B82-A294-FB39ED8F615C} = {EAE1A16D-207D-42E1-A484-CFD0E931D48F}
		{40619EC6-D56E-401C-A5BB-EDED8F67F44C} = {EAE1A16D-207D-42E1-A484-CFD0E931D48F}
		{32C9FE5D-EE63-4DE3-8092-216424085318} = {BBA2793D-1033-4E99-8764-8F590BA5C7B4}
		{BBC98B5F-163A-4C17-BF50-A3AFE306F730} = {BBA2793D-1033-4E99-8764-8F590BA5C7B4}
		{5B6BC911-0308-46BA-86F6-70377A8E49F9} = {BBA2793D-1033-4E99-8764-8F590BA5C7B4}
		{016F34F0-DD1C-4C7E-9EAD-81B83B23F256} = {25C40170-E2EE-49B8-A3AE-32C777E7ACC0}
		{29D2D066-E901-4417-A852-813A4BD38BEA} = {94BA46AF-8F34-4BB3-8628-760ECABDFBDC}
		{C55ACAAD-D1B7-4584-8DDB-A7F0E98FA9E5} = {7925A802-2B74-4EE5-9FF5-1849D68FB318}
	EndGlobalSection
	GlobalSection(ExtensibilityGlobals) = postSolution
		SolutionGuid = {185E12EF-28E7-4453-9AC5-E760E317547B}
	EndGlobalSection
EndGlobal
